# This file is automatically @generated by Cargo.
# It is not intended for manual editing.
version = 4

[[package]]
name = "vibe-httpd"
version = "0.1.0"
dependencies = [
 "vibe-rt",
]

[[package]]
name = "vibe-rt"
version = "0.1.0"
source = "git+https://github.com/vibedOS/vibe-rt?rev=e066720e6fffa26bba658d49c7911894c9befa59#e066720e6fffa26bba658d49c7911894c9befa59"
