# This file is automatically @generated by Cargo.
# It is not intended for manual editing.
version = 4

[[package]]
name = "vibe-httpd"
version = "0.1.0"
dependencies = [
 "vibe-rt",
]

[[package]]
name = "vibe-rt"
version = "0.1.0"
source = "git+https://github.com/vibedOS/vibe-rt?rev=62b8de766056ab5e5000d54271fea7d400b1cf66#62b8de766056ab5e5000d54271fea7d400b1cf66"
