# This file is automatically @generated by Cargo.
# It is not intended for manual editing.
version = 4

[[package]]
name = "vibe-httpd"
version = "0.1.0"
dependencies = [
 "vibe-rt",
]

[[package]]
name = "vibe-rt"
version = "0.1.0"
source = "git+https://github.com/vibedOS/vibe-rt?rev=1758e752bbc1d68213223322ada551d29f9f61fc#1758e752bbc1d68213223322ada551d29f9f61fc"
